
Microsoft Visual Studio Solution File, Format Version 12.00
# Visual Studio Version 17
VisualStudioVersion = 17.14.36414.22 d17.14
MinimumVisualStudioVersion = 10.0.40219.1
Project("{FAE04EC0-301F-11D3-BF4B-00C04F79EFBC}") = "Proyecto_B2", "Proyecto_B2\Proyecto_B2.csproj", "{D3E6C8A9-CD7C-4F30-8A59-E45226E84CEF}"
EndProject
Global
	GlobalSection(SolutionConfigurationPlatforms) = preSolution
		Debug|Any CPU = Debug|Any CPU
		Release|Any CPU = Release|Any CPU
	EndGlobalSection
	GlobalSection(ProjectConfigurationPlatforms) = postSolution
		{D3E6C8A9-CD7C-4F30-8A59-E45226E84CEF}.Debug|Any CPU.ActiveCfg = Debug|Any CPU
		{D3E6C8A9-CD7C-4F30-8A59-E45226E84CEF}.Debug|Any CPU.Build.0 = Debug|Any CPU
		{D3E6C8A9-CD7C-4F30-8A59-E45226E84CEF}.Release|Any CPU.ActiveCfg = Release|Any CPU
		{D3E6C8A9-CD7C-4F30-8A59-E45226E84CEF}.Release|Any CPU.Build.0 = Release|Any CPU
	EndGlobalSection
	GlobalSection(SolutionProperties) = preSolution
		HideSolutionNode = FALSE
	EndGlobalSection
	GlobalSection(ExtensibilityGlobals) = postSolution
		SolutionGuid = {8A16F43C-8444-4719-A85C-FACC6061C39C}
	EndGlobalSection
EndGlobal
